// !$*UTF8*$!
{
	archiveVersion = 1;
	classes = {
	};
	objectVersion = 56;
	objects = {

/* Begin PBXBuildFile section */
		B202BDF329B7BD7300845CE3 /* UserProfile.swift in Sources */ = {isa = PBXBuildFile; fileRef = B202BDF229B7BD7300845CE3 /* UserProfile.swift */; };
		B202BDF529B7E2E300845CE3 /* Elements.swift in Sources */ = {isa = PBXBuildFile; fileRef = B202BDF429B7E2E200845CE3 /* Elements.swift */; };
		B202BDF729B7E31000845CE3 /* ElementsDetails.swift in Sources */ = {isa = PBXBuildFile; fileRef = B202BDF629B7E31000845CE3 /* ElementsDetails.swift */; };
		B202BDF929B7E33A00845CE3 /* ElementsComments.swift in Sources */ = {isa = PBXBuildFile; fileRef = B202BDF829B7E33A00845CE3 /* ElementsComments.swift */; };
		B202BDFB29B7E34700845CE3 /* ElementsAddComments.swift in Sources */ = {isa = PBXBuildFile; fileRef = B202BDFA29B7E34700845CE3 /* ElementsAddComments.swift */; };
		B202BDFF29B80C1B00845CE3 /* RandomViewModel.swift in Sources */ = {isa = PBXBuildFile; fileRef = B202BDFE29B80C1B00845CE3 /* RandomViewModel.swift */; };
		B202BE0529B8A4ED00845CE3 /* StarRating.swift in Sources */ = {isa = PBXBuildFile; fileRef = B202BE0429B8A4ED00845CE3 /* StarRating.swift */; };
		B202BE0729B8BC6600845CE3 /* WalksViewModel.swift in Sources */ = {isa = PBXBuildFile; fileRef = B202BE0629B8BC6600845CE3 /* WalksViewModel.swift */; };
		B213F78429C8F0B0007F8D2B /* ItemRow.swift in Sources */ = {isa = PBXBuildFile; fileRef = B213F78329C8F0B0007F8D2B /* ItemRow.swift */; };
		B2A1276A29A8202000391C10 /* CityDogApp.swift in Sources */ = {isa = PBXBuildFile; fileRef = B2A1276929A8202000391C10 /* CityDogApp.swift */; };
		B2A1276C29A8202000391C10 /* LaunchScreen.swift in Sources */ = {isa = PBXBuildFile; fileRef = B2A1276B29A8202000391C10 /* LaunchScreen.swift */; };
		B2A1276E29A8202300391C10 /* Assets.xcassets in Resources */ = {isa = PBXBuildFile; fileRef = B2A1276D29A8202300391C10 /* Assets.xcassets */; };
		B2A1277129A8202300391C10 /* Preview Assets.xcassets in Resources */ = {isa = PBXBuildFile; fileRef = B2A1277029A8202300391C10 /* Preview Assets.xcassets */; };
		B2A1277B29A8202400391C10 /* CityDogTests.swift in Sources */ = {isa = PBXBuildFile; fileRef = B2A1277A29A8202400391C10 /* CityDogTests.swift */; };
		B2A1278529A8202400391C10 /* CityDogUITests.swift in Sources */ = {isa = PBXBuildFile; fileRef = B2A1278429A8202400391C10 /* CityDogUITests.swift */; };
		B2A1278729A8202400391C10 /* CityDogUITestsLaunchTests.swift in Sources */ = {isa = PBXBuildFile; fileRef = B2A1278629A8202400391C10 /* CityDogUITestsLaunchTests.swift */; };
		B2A24FDB29CC5EDC00393887 /* DogProfile.swift in Sources */ = {isa = PBXBuildFile; fileRef = B2A24FDA29CC5EDC00393887 /* DogProfile.swift */; };
		B2A24FDD29CC708800393887 /* AddDog.swift in Sources */ = {isa = PBXBuildFile; fileRef = B2A24FDC29CC708800393887 /* AddDog.swift */; };
		B2A24FE329CC7ACE00393887 /* ModifyProfile.swift in Sources */ = {isa = PBXBuildFile; fileRef = B2A24FE229CC7ACE00393887 /* ModifyProfile.swift */; };
		B2AE843C29ABDC8000C44500 /* MainMenu.swift in Sources */ = {isa = PBXBuildFile; fileRef = B2AE843B29ABDC8000C44500 /* MainMenu.swift */; };
		B2AE843E29AC16F300C44500 /* LogIn.swift in Sources */ = {isa = PBXBuildFile; fileRef = B2AE843D29AC16F300C44500 /* LogIn.swift */; };
		B2C0A8FE29DB64930056521B /* ElementsModel.swift in Sources */ = {isa = PBXBuildFile; fileRef = B2C0A8FD29DB64930056521B /* ElementsModel.swift */; };
		B2C0A90029DB654B0056521B /* RestaurantsBarsViewModel.swift in Sources */ = {isa = PBXBuildFile; fileRef = B2C0A8FF29DB654B0056521B /* RestaurantsBarsViewModel.swift */; };
		B2C0A90229DB75D90056521B /* ImagePicker.swift in Sources */ = {isa = PBXBuildFile; fileRef = B2C0A90129DB75D90056521B /* ImagePicker.swift */; };
		B2C0A90429E1AD9A0056521B /* MainView.swift in Sources */ = {isa = PBXBuildFile; fileRef = B2C0A90329E1AD9A0056521B /* MainView.swift */; };
		B2C0A90629E46A700056521B /* ModifyName.swift in Sources */ = {isa = PBXBuildFile; fileRef = B2C0A90529E46A700056521B /* ModifyName.swift */; };
		B2C0A90829E48E200056521B /* ModifyPassword.swift in Sources */ = {isa = PBXBuildFile; fileRef = B2C0A90729E48E200056521B /* ModifyPassword.swift */; };
		B2C0A90A29E5DFF00056521B /* ElementsProtocol.swift in Sources */ = {isa = PBXBuildFile; fileRef = B2C0A90929E5DFF00056521B /* ElementsProtocol.swift */; };
		B2C0A90C29E5E2A60056521B /* VeterinariansViewModel.swift in Sources */ = {isa = PBXBuildFile; fileRef = B2C0A90B29E5E2A60056521B /* VeterinariansViewModel.swift */; };
		B2C0A90E29E5E30A0056521B /* ShopsViewModel.swift in Sources */ = {isa = PBXBuildFile; fileRef = B2C0A90D29E5E30A0056521B /* ShopsViewModel.swift */; };
		B2C0A91129E5F7290056521B /* UserProfileModel.swift in Sources */ = {isa = PBXBuildFile; fileRef = B2C0A91029E5F7290056521B /* UserProfileModel.swift */; };
/* End PBXBuildFile section */

/* Begin PBXContainerItemProxy section */
		B2A1277729A8202400391C10 /* PBXContainerItemProxy */ = {
			isa = PBXContainerItemProxy;
			containerPortal = B2A1275E29A8202000391C10 /* Project object */;
			proxyType = 1;
			remoteGlobalIDString = B2A1276529A8202000391C10;
			remoteInfo = CityDog;
		};
		B2A1278129A8202400391C10 /* PBXContainerItemProxy */ = {
			isa = PBXContainerItemProxy;
			containerPortal = B2A1275E29A8202000391C10 /* Project object */;
			proxyType = 1;
			remoteGlobalIDString = B2A1276529A8202000391C10;
			remoteInfo = CityDog;
		};
/* End PBXContainerItemProxy section */

/* Begin PBXFileReference section */
		B202BDF229B7BD7300845CE3 /* UserProfile.swift */ = {isa = PBXFileReference; lastKnownFileType = sourcecode.swift; path = UserProfile.swift; sourceTree = "<group>"; };
		B202BDF429B7E2E200845CE3 /* Elements.swift */ = {isa = PBXFileReference; lastKnownFileType = sourcecode.swift; path = Elements.swift; sourceTree = "<group>"; };
		B202BDF629B7E31000845CE3 /* ElementsDetails.swift */ = {isa = PBXFileReference; lastKnownFileType = sourcecode.swift; path = ElementsDetails.swift; sourceTree = "<group>"; };
		B202BDF829B7E33A00845CE3 /* ElementsComments.swift */ = {isa = PBXFileReference; lastKnownFileType = sourcecode.swift; path = ElementsComments.swift; sourceTree = "<group>"; };
		B202BDFA29B7E34700845CE3 /* ElementsAddComments.swift */ = {isa = PBXFileReference; lastKnownFileType = sourcecode.swift; path = ElementsAddComments.swift; sourceTree = "<group>"; };
		B202BDFE29B80C1B00845CE3 /* RandomViewModel.swift */ = {isa = PBXFileReference; lastKnownFileType = sourcecode.swift; path = RandomViewModel.swift; sourceTree = "<group>"; };
		B202BE0429B8A4ED00845CE3 /* StarRating.swift */ = {isa = PBXFileReference; lastKnownFileType = sourcecode.swift; path = StarRating.swift; sourceTree = "<group>"; };
		B202BE0629B8BC6600845CE3 /* WalksViewModel.swift */ = {isa = PBXFileReference; lastKnownFileType = sourcecode.swift; path = WalksViewModel.swift; sourceTree = "<group>"; };
		B213F78329C8F0B0007F8D2B /* ItemRow.swift */ = {isa = PBXFileReference; lastKnownFileType = sourcecode.swift; path = ItemRow.swift; sourceTree = "<group>"; };
		B2A1276629A8202000391C10 /* CityDog.app */ = {isa = PBXFileReference; explicitFileType = wrapper.application; includeInIndex = 0; path = CityDog.app; sourceTree = BUILT_PRODUCTS_DIR; };
		B2A1276929A8202000391C10 /* CityDogApp.swift */ = {isa = PBXFileReference; lastKnownFileType = sourcecode.swift; path = CityDogApp.swift; sourceTree = "<group>"; };
		B2A1276B29A8202000391C10 /* LaunchScreen.swift */ = {isa = PBXFileReference; lastKnownFileType = sourcecode.swift; path = LaunchScreen.swift; sourceTree = "<group>"; };
		B2A1276D29A8202300391C10 /* Assets.xcassets */ = {isa = PBXFileReference; lastKnownFileType = folder.assetcatalog; path = Assets.xcassets; sourceTree = "<group>"; };
		B2A1277029A8202300391C10 /* Preview Assets.xcassets */ = {isa = PBXFileReference; lastKnownFileType = folder.assetcatalog; path = "Preview Assets.xcassets"; sourceTree = "<group>"; };
		B2A1277629A8202400391C10 /* CityDogTests.xctest */ = {isa = PBXFileReference; explicitFileType = wrapper.cfbundle; includeInIndex = 0; path = CityDogTests.xctest; sourceTree = BUILT_PRODUCTS_DIR; };
		B2A1277A29A8202400391C10 /* CityDogTests.swift */ = {isa = PBXFileReference; lastKnownFileType = sourcecode.swift; path = CityDogTests.swift; sourceTree = "<group>"; };
		B2A1278029A8202400391C10 /* CityDogUITests.xctest */ = {isa = PBXFileReference; explicitFileType = wrapper.cfbundle; includeInIndex = 0; path = CityDogUITests.xctest; sourceTree = BUILT_PRODUCTS_DIR; };
		B2A1278429A8202400391C10 /* CityDogUITests.swift */ = {isa = PBXFileReference; lastKnownFileType = sourcecode.swift; path = CityDogUITests.swift; sourceTree = "<group>"; };
		B2A1278629A8202400391C10 /* CityDogUITestsLaunchTests.swift */ = {isa = PBXFileReference; lastKnownFileType = sourcecode.swift; path = CityDogUITestsLaunchTests.swift; sourceTree = "<group>"; };
		B2A24FDA29CC5EDC00393887 /* DogProfile.swift */ = {isa = PBXFileReference; lastKnownFileType = sourcecode.swift; path = DogProfile.swift; sourceTree = "<group>"; };
		B2A24FDC29CC708800393887 /* AddDog.swift */ = {isa = PBXFileReference; lastKnownFileType = sourcecode.swift; path = AddDog.swift; sourceTree = "<group>"; };
		B2A24FE229CC7ACE00393887 /* ModifyProfile.swift */ = {isa = PBXFileReference; lastKnownFileType = sourcecode.swift; path = ModifyProfile.swift; sourceTree = "<group>"; };
		B2AE843B29ABDC8000C44500 /* MainMenu.swift */ = {isa = PBXFileReference; lastKnownFileType = sourcecode.swift; path = MainMenu.swift; sourceTree = "<group>"; };
		B2AE843D29AC16F300C44500 /* LogIn.swift */ = {isa = PBXFileReference; lastKnownFileType = sourcecode.swift; path = LogIn.swift; sourceTree = "<group>"; };
		B2C0A8FD29DB64930056521B /* ElementsModel.swift */ = {isa = PBXFileReference; lastKnownFileType = sourcecode.swift; path = ElementsModel.swift; sourceTree = "<group>"; };
		B2C0A8FF29DB654B0056521B /* RestaurantsBarsViewModel.swift */ = {isa = PBXFileReference; lastKnownFileType = sourcecode.swift; path = RestaurantsBarsViewModel.swift; sourceTree = "<group>"; };
		B2C0A90129DB75D90056521B /* ImagePicker.swift */ = {isa = PBXFileReference; lastKnownFileType = sourcecode.swift; path = ImagePicker.swift; sourceTree = "<group>"; };
		B2C0A90329E1AD9A0056521B /* MainView.swift */ = {isa = PBXFileReference; lastKnownFileType = sourcecode.swift; path = MainView.swift; sourceTree = "<group>"; };
		B2C0A90529E46A700056521B /* ModifyName.swift */ = {isa = PBXFileReference; lastKnownFileType = sourcecode.swift; path = ModifyName.swift; sourceTree = "<group>"; };
		B2C0A90729E48E200056521B /* ModifyPassword.swift */ = {isa = PBXFileReference; lastKnownFileType = sourcecode.swift; path = ModifyPassword.swift; sourceTree = "<group>"; };
		B2C0A90929E5DFF00056521B /* ElementsProtocol.swift */ = {isa = PBXFileReference; lastKnownFileType = sourcecode.swift; path = ElementsProtocol.swift; sourceTree = "<group>"; };
		B2C0A90B29E5E2A60056521B /* VeterinariansViewModel.swift */ = {isa = PBXFileReference; lastKnownFileType = sourcecode.swift; path = VeterinariansViewModel.swift; sourceTree = "<group>"; };
		B2C0A90D29E5E30A0056521B /* ShopsViewModel.swift */ = {isa = PBXFileReference; lastKnownFileType = sourcecode.swift; path = ShopsViewModel.swift; sourceTree = "<group>"; };
		B2C0A91029E5F7290056521B /* UserProfileModel.swift */ = {isa = PBXFileReference; lastKnownFileType = sourcecode.swift; path = UserProfileModel.swift; sourceTree = "<group>"; };
/* End PBXFileReference section */

/* Begin PBXFrameworksBuildPhase section */
		B2A1276329A8202000391C10 /* Frameworks */ = {
			isa = PBXFrameworksBuildPhase;
			buildActionMask = 2147483647;
			files = (
			);
			runOnlyForDeploymentPostprocessing = 0;
		};
		B2A1277329A8202400391C10 /* Frameworks */ = {
			isa = PBXFrameworksBuildPhase;
			buildActionMask = 2147483647;
			files = (
			);
			runOnlyForDeploymentPostprocessing = 0;
		};
		B2A1277D29A8202400391C10 /* Frameworks */ = {
			isa = PBXFrameworksBuildPhase;
			buildActionMask = 2147483647;
			files = (
			);
			runOnlyForDeploymentPostprocessing = 0;
		};
/* End PBXFrameworksBuildPhase section */

/* Begin PBXGroup section */
		B202BE0029B81F1300845CE3 /* ViewModels */ = {
			isa = PBXGroup;
			children = (
				B202BDFE29B80C1B00845CE3 /* RandomViewModel.swift */,
				B2C0A90D29E5E30A0056521B /* ShopsViewModel.swift */,
				B202BE0629B8BC6600845CE3 /* WalksViewModel.swift */,
				B2C0A90B29E5E2A60056521B /* VeterinariansViewModel.swift */,
				B2C0A90929E5DFF00056521B /* ElementsProtocol.swift */,
				B2C0A8FF29DB654B0056521B /* RestaurantsBarsViewModel.swift */,
			);
			path = ViewModels;
			sourceTree = "<group>";
		};
		B2A1275D29A8202000391C10 = {
			isa = PBXGroup;
			children = (
				B2A1276829A8202000391C10 /* CityDog */,
				B2A1277929A8202400391C10 /* CityDogTests */,
				B2A1278329A8202400391C10 /* CityDogUITests */,
				B2A1276729A8202000391C10 /* Products */,
			);
			sourceTree = "<group>";
		};
		B2A1276729A8202000391C10 /* Products */ = {
			isa = PBXGroup;
			children = (
				B2A1276629A8202000391C10 /* CityDog.app */,
				B2A1277629A8202400391C10 /* CityDogTests.xctest */,
				B2A1278029A8202400391C10 /* CityDogUITests.xctest */,
			);
			name = Products;
			sourceTree = "<group>";
		};
		B2A1276829A8202000391C10 /* CityDog */ = {
			isa = PBXGroup;
			children = (
				B2A1276D29A8202300391C10 /* Assets.xcassets */,
				B2A1276B29A8202000391C10 /* LaunchScreen.swift */,
				B2A1276929A8202000391C10 /* CityDogApp.swift */,
				B2AE843D29AC16F300C44500 /* LogIn.swift */,
				B2AE843B29ABDC8000C44500 /* MainMenu.swift */,
				B2C0A90329E1AD9A0056521B /* MainView.swift */,
				B2A24FDF29CC798100393887 /* DogProfile */,
				B2A24FDE29CC797000393887 /* Profile */,
				B2A24FE029CC79A600393887 /* Elements */,
				B2A24FE129CC79CA00393887 /* Components */,
				B2A1276F29A8202300391C10 /* Preview Content */,
				B2C0A90F29E5E3BB0056521B /* Models */,
				B202BE0029B81F1300845CE3 /* ViewModels */,
			);
			path = CityDog;
			sourceTree = "<group>";
		};
		B2A1276F29A8202300391C10 /* Preview Content */ = {
			isa = PBXGroup;
			children = (
				B2A1277029A8202300391C10 /* Preview Assets.xcassets */,
			);
			path = "Preview Content";
			sourceTree = "<group>";
		};
		B2A1277929A8202400391C10 /* CityDogTests */ = {
			isa = PBXGroup;
			children = (
				B2A1277A29A8202400391C10 /* CityDogTests.swift */,
			);
			path = CityDogTests;
			sourceTree = "<group>";
		};
		B2A1278329A8202400391C10 /* CityDogUITests */ = {
			isa = PBXGroup;
			children = (
				B2A1278429A8202400391C10 /* CityDogUITests.swift */,
				B2A1278629A8202400391C10 /* CityDogUITestsLaunchTests.swift */,
			);
			path = CityDogUITests;
			sourceTree = "<group>";
		};
		B2A24FDE29CC797000393887 /* Profile */ = {
			isa = PBXGroup;
			children = (
				B202BDF229B7BD7300845CE3 /* UserProfile.swift */,
				B2C0A90729E48E200056521B /* ModifyPassword.swift */,
				B2C0A90529E46A700056521B /* ModifyName.swift */,
				B2A24FE229CC7ACE00393887 /* ModifyProfile.swift */,
			);
			path = Profile;
			sourceTree = "<group>";
		};
		B2A24FDF29CC798100393887 /* DogProfile */ = {
			isa = PBXGroup;
			children = (
				B2A24FDC29CC708800393887 /* AddDog.swift */,
				B2A24FDA29CC5EDC00393887 /* DogProfile.swift */,
			);
			path = DogProfile;
			sourceTree = "<group>";
		};
		B2A24FE029CC79A600393887 /* Elements */ = {
			isa = PBXGroup;
			children = (
				B202BDF429B7E2E200845CE3 /* Elements.swift */,
				B202BDFA29B7E34700845CE3 /* ElementsAddComments.swift */,
				B202BDF829B7E33A00845CE3 /* ElementsComments.swift */,
				B202BDF629B7E31000845CE3 /* ElementsDetails.swift */,
			);
			path = Elements;
			sourceTree = "<group>";
		};
		B2A24FE129CC79CA00393887 /* Components */ = {
			isa = PBXGroup;
			children = (
				B213F78329C8F0B0007F8D2B /* ItemRow.swift */,
				B202BE0429B8A4ED00845CE3 /* StarRating.swift */,
				B2C0A90129DB75D90056521B /* ImagePicker.swift */,
			);
			path = Components;
			sourceTree = "<group>";
		};
		B2C0A90F29E5E3BB0056521B /* Models */ = {
			isa = PBXGroup;
			children = (
				B2C0A8FD29DB64930056521B /* ElementsModel.swift */,
				B2C0A91029E5F7290056521B /* UserProfileModel.swift */,
			);
			path = Models;
			sourceTree = "<group>";
		};
/* End PBXGroup section */

/* Begin PBXNativeTarget section */
		B2A1276529A8202000391C10 /* CityDog */ = {
			isa = PBXNativeTarget;
			buildConfigurationList = B2A1278A29A8202400391C10 /* Build configuration list for PBXNativeTarget "CityDog" */;
			buildPhases = (
				B2A1276229A8202000391C10 /* Sources */,
				B2A1276329A8202000391C10 /* Frameworks */,
				B2A1276429A8202000391C10 /* Resources */,
			);
			buildRules = (
			);
			dependencies = (
			);
			name = CityDog;
			productName = CityDog;
			productReference = B2A1276629A8202000391C10 /* CityDog.app */;
			productType = "com.apple.product-type.application";
		};
		B2A1277529A8202400391C10 /* CityDogTests */ = {
			isa = PBXNativeTarget;
			buildConfigurationList = B2A1278D29A8202400391C10 /* Build configuration list for PBXNativeTarget "CityDogTests" */;
			buildPhases = (
				B2A1277229A8202400391C10 /* Sources */,
				B2A1277329A8202400391C10 /* Frameworks */,
				B2A1277429A8202400391C10 /* Resources */,
			);
			buildRules = (
			);
			dependencies = (
				B2A1277829A8202400391C10 /* PBXTargetDependency */,
			);
			name = CityDogTests;
			productName = CityDogTests;
			productReference = B2A1277629A8202400391C10 /* CityDogTests.xctest */;
			productType = "com.apple.product-type.bundle.unit-test";
		};
		B2A1277F29A8202400391C10 /* CityDogUITests */ = {
			isa = PBXNativeTarget;
			buildConfigurationList = B2A1279029A8202400391C10 /* Build configuration list for PBXNativeTarget "CityDogUITests" */;
			buildPhases = (
				B2A1277C29A8202400391C10 /* Sources */,
				B2A1277D29A8202400391C10 /* Frameworks */,
				B2A1277E29A8202400391C10 /* Resources */,
			);
			buildRules = (
			);
			dependencies = (
				B2A1278229A8202400391C10 /* PBXTargetDependency */,
			);
			name = CityDogUITests;
			productName = CityDogUITests;
			productReference = B2A1278029A8202400391C10 /* CityDogUITests.xctest */;
			productType = "com.apple.product-type.bundle.ui-testing";
		};
/* End PBXNativeTarget section */

/* Begin PBXProject section */
		B2A1275E29A8202000391C10 /* Project object */ = {
			isa = PBXProject;
			attributes = {
				BuildIndependentTargetsInParallel = 1;
				LastSwiftUpdateCheck = 1410;
				LastUpgradeCheck = 1410;
				TargetAttributes = {
					B2A1276529A8202000391C10 = {
						CreatedOnToolsVersion = 14.1;
					};
					B2A1277529A8202400391C10 = {
						CreatedOnToolsVersion = 14.1;
						TestTargetID = B2A1276529A8202000391C10;
					};
					B2A1277F29A8202400391C10 = {
						CreatedOnToolsVersion = 14.1;
						TestTargetID = B2A1276529A8202000391C10;
					};
				};
			};
			buildConfigurationList = B2A1276129A8202000391C10 /* Build configuration list for PBXProject "CityDog" */;
			compatibilityVersion = "Xcode 14.0";
			developmentRegion = en;
			hasScannedForEncodings = 0;
			knownRegions = (
				en,
				Base,
			);
			mainGroup = B2A1275D29A8202000391C10;
			productRefGroup = B2A1276729A8202000391C10 /* Products */;
			projectDirPath = "";
			projectRoot = "";
			targets = (
				B2A1276529A8202000391C10 /* CityDog */,
				B2A1277529A8202400391C10 /* CityDogTests */,
				B2A1277F29A8202400391C10 /* CityDogUITests */,
			);
		};
/* End PBXProject section */

/* Begin PBXResourcesBuildPhase section */
		B2A1276429A8202000391C10 /* Resources */ = {
			isa = PBXResourcesBuildPhase;
			buildActionMask = 2147483647;
			files = (
				B2A1277129A8202300391C10 /* Preview Assets.xcassets in Resources */,
				B2A1276E29A8202300391C10 /* Assets.xcassets in Resources */,
			);
			runOnlyForDeploymentPostprocessing = 0;
		};
		B2A1277429A8202400391C10 /* Resources */ = {
			isa = PBXResourcesBuildPhase;
			buildActionMask = 2147483647;
			files = (
			);
			runOnlyForDeploymentPostprocessing = 0;
		};
		B2A1277E29A8202400391C10 /* Resources */ = {
			isa = PBXResourcesBuildPhase;
			buildActionMask = 2147483647;
			files = (
			);
			runOnlyForDeploymentPostprocessing = 0;
		};
/* End PBXResourcesBuildPhase section */

/* Begin PBXSourcesBuildPhase section */
		B2A1276229A8202000391C10 /* Sources */ = {
			isa = PBXSourcesBuildPhase;
			buildActionMask = 2147483647;
			files = (
				B2A1276C29A8202000391C10 /* LaunchScreen.swift in Sources */,
				B2C0A90E29E5E30A0056521B /* ShopsViewModel.swift in Sources */,
				B2C0A90C29E5E2A60056521B /* VeterinariansViewModel.swift in Sources */,
				B2C0A90029DB654B0056521B /* RestaurantsBarsViewModel.swift in Sources */,
				B202BDF729B7E31000845CE3 /* ElementsDetails.swift in Sources */,
				B213F78429C8F0B0007F8D2B /* ItemRow.swift in Sources */,
				B2C0A91129E5F7290056521B /* UserProfileModel.swift in Sources */,
				B202BE0529B8A4ED00845CE3 /* StarRating.swift in Sources */,
				B2A1276A29A8202000391C10 /* CityDogApp.swift in Sources */,
				B202BDF329B7BD7300845CE3 /* UserProfile.swift in Sources */,
				B2C0A90229DB75D90056521B /* ImagePicker.swift in Sources */,
				B2A24FDB29CC5EDC00393887 /* DogProfile.swift in Sources */,
				B2A24FE329CC7ACE00393887 /* ModifyProfile.swift in Sources */,
				B2C0A90829E48E200056521B /* ModifyPassword.swift in Sources */,
				B2C0A90429E1AD9A0056521B /* MainView.swift in Sources */,
				B202BDF529B7E2E300845CE3 /* Elements.swift in Sources */,
				B2A24FDD29CC708800393887 /* AddDog.swift in Sources */,
				B202BDF929B7E33A00845CE3 /* ElementsComments.swift in Sources */,
				B2C0A90629E46A700056521B /* ModifyName.swift in Sources */,
				B202BDFF29B80C1B00845CE3 /* RandomViewModel.swift in Sources */,
				B2AE843C29ABDC8000C44500 /* MainMenu.swift in Sources */,
				B2C0A8FE29DB64930056521B /* ElementsModel.swift in Sources */,
				B202BE0729B8BC6600845CE3 /* WalksViewModel.swift in Sources */,
				B2AE843E29AC16F300C44500 /* LogIn.swift in Sources */,
				B2C0A90A29E5DFF00056521B /* ElementsProtocol.swift in Sources */,
				B202BDFB29B7E34700845CE3 /* ElementsAddComments.swift in Sources */,
			);
			runOnlyForDeploymentPostprocessing = 0;
		};
		B2A1277229A8202400391C10 /* Sources */ = {
			isa = PBXSourcesBuildPhase;
			buildActionMask = 2147483647;
			files = (
				B2A1277B29A8202400391C10 /* CityDogTests.swift in Sources */,
			);
			runOnlyForDeploymentPostprocessing = 0;
		};
		B2A1277C29A8202400391C10 /* Sources */ = {
			isa = PBXSourcesBuildPhase;
			buildActionMask = 2147483647;
			files = (
				B2A1278729A8202400391C10 /* CityDogUITestsLaunchTests.swift in Sources */,
				B2A1278529A8202400391C10 /* CityDogUITests.swift in Sources */,
			);
			runOnlyForDeploymentPostprocessing = 0;
		};
/* End PBXSourcesBuildPhase section */

/* Begin PBXTargetDependency section */
		B2A1277829A8202400391C10 /* PBXTargetDependency */ = {
			isa = PBXTargetDependency;
			target = B2A1276529A8202000391C10 /* CityDog */;
			targetProxy = B2A1277729A8202400391C10 /* PBXContainerItemProxy */;
		};
		B2A1278229A8202400391C10 /* PBXTargetDependency */ = {
			isa = PBXTargetDependency;
			target = B2A1276529A8202000391C10 /* CityDog */;
			targetProxy = B2A1278129A8202400391C10 /* PBXContainerItemProxy */;
		};
/* End PBXTargetDependency section */

/* Begin XCBuildConfiguration section */
		B2A1278829A8202400391C10 /* Debug */ = {
			isa = XCBuildConfiguration;
			buildSettings = {
				ALWAYS_SEARCH_USER_PATHS = NO;
				CLANG_ANALYZER_NONNULL = YES;
				CLANG_ANALYZER_NUMBER_OBJECT_CONVERSION = YES_AGGRESSIVE;
				CLANG_CXX_LANGUAGE_STANDARD = "gnu++20";
				CLANG_ENABLE_MODULES = YES;
				CLANG_ENABLE_OBJC_ARC = YES;
				CLANG_ENABLE_OBJC_WEAK = YES;
				CLANG_WARN_BLOCK_CAPTURE_AUTORELEASING = YES;
				CLANG_WARN_BOOL_CONVERSION = YES;
				CLANG_WARN_COMMA = YES;
				CLANG_WARN_CONSTANT_CONVERSION = YES;
				CLANG_WARN_DEPRECATED_OBJC_IMPLEMENTATIONS = YES;
				CLANG_WARN_DIRECT_OBJC_ISA_USAGE = YES_ERROR;
				CLANG_WARN_DOCUMENTATION_COMMENTS = YES;
				CLANG_WARN_EMPTY_BODY = YES;
				CLANG_WARN_ENUM_CONVERSION = YES;
				CLANG_WARN_INFINITE_RECURSION = YES;
				CLANG_WARN_INT_CONVERSION = YES;
				CLANG_WARN_NON_LITERAL_NULL_CONVERSION = YES;
				CLANG_WARN_OBJC_IMPLICIT_RETAIN_SELF = YES;
				CLANG_WARN_OBJC_LITERAL_CONVERSION = YES;
				CLANG_WARN_OBJC_ROOT_CLASS = YES_ERROR;
				CLANG_WARN_QUOTED_INCLUDE_IN_FRAMEWORK_HEADER = YES;
				CLANG_WARN_RANGE_LOOP_ANALYSIS = YES;
				CLANG_WARN_STRICT_PROTOTYPES = YES;
				CLANG_WARN_SUSPICIOUS_MOVE = YES;
				CLANG_WARN_UNGUARDED_AVAILABILITY = YES_AGGRESSIVE;
				CLANG_WARN_UNREACHABLE_CODE = YES;
				CLANG_WARN__DUPLICATE_METHOD_MATCH = YES;
				COPY_PHASE_STRIP = NO;
				DEBUG_INFORMATION_FORMAT = dwarf;
				ENABLE_STRICT_OBJC_MSGSEND = YES;
				ENABLE_TESTABILITY = YES;
				GCC_C_LANGUAGE_STANDARD = gnu11;
				GCC_DYNAMIC_NO_PIC = NO;
				GCC_NO_COMMON_BLOCKS = YES;
				GCC_OPTIMIZATION_LEVEL = 0;
				GCC_PREPROCESSOR_DEFINITIONS = (
					"DEBUG=1",
					"$(inherited)",
				);
				GCC_WARN_64_TO_32_BIT_CONVERSION = YES;
				GCC_WARN_ABOUT_RETURN_TYPE = YES_ERROR;
				GCC_WARN_UNDECLARED_SELECTOR = YES;
				GCC_WARN_UNINITIALIZED_AUTOS = YES_AGGRESSIVE;
				GCC_WARN_UNUSED_FUNCTION = YES;
				GCC_WARN_UNUSED_VARIABLE = YES;
				IPHONEOS_DEPLOYMENT_TARGET = 16.1;
				MTL_ENABLE_DEBUG_INFO = INCLUDE_SOURCE;
				MTL_FAST_MATH = YES;
				ONLY_ACTIVE_ARCH = YES;
				SDKROOT = iphoneos;
				SWIFT_ACTIVE_COMPILATION_CONDITIONS = DEBUG;
				SWIFT_OPTIMIZATION_LEVEL = "-Onone";
			};
			name = Debug;
		};
		B2A1278929A8202400391C10 /* Release */ = {
			isa = XCBuildConfiguration;
			buildSettings = {
				ALWAYS_SEARCH_USER_PATHS = NO;
				CLANG_ANALYZER_NONNULL = YES;
				CLANG_ANALYZER_NUMBER_OBJECT_CONVERSION = YES_AGGRESSIVE;
				CLANG_CXX_LANGUAGE_STANDARD = "gnu++20";
				CLANG_ENABLE_MODULES = YES;
				CLANG_ENABLE_OBJC_ARC = YES;
				CLANG_ENABLE_OBJC_WEAK = YES;
				CLANG_WARN_BLOCK_CAPTURE_AUTORELEASING = YES;
				CLANG_WARN_BOOL_CONVERSION = YES;
				CLANG_WARN_COMMA = YES;
				CLANG_WARN_CONSTANT_CONVERSION = YES;
				CLANG_WARN_DEPRECATED_OBJC_IMPLEMENTATIONS = YES;
				CLANG_WARN_DIRECT_OBJC_ISA_USAGE = YES_ERROR;
				CLANG_WARN_DOCUMENTATION_COMMENTS = YES;
				CLANG_WARN_EMPTY_BODY = YES;
				CLANG_WARN_ENUM_CONVERSION = YES;
				CLANG_WARN_INFINITE_RECURSION = YES;
				CLANG_WARN_INT_CONVERSION = YES;
				CLANG_WARN_NON_LITERAL_NULL_CONVERSION = YES;
				CLANG_WARN_OBJC_IMPLICIT_RETAIN_SELF = YES;
				CLANG_WARN_OBJC_LITERAL_CONVERSION = YES;
				CLANG_WARN_OBJC_ROOT_CLASS = YES_ERROR;
				CLANG_WARN_QUOTED_INCLUDE_IN_FRAMEWORK_HEADER = YES;
				CLANG_WARN_RANGE_LOOP_ANALYSIS = YES;
				CLANG_WARN_STRICT_PROTOTYPES = YES;
				CLANG_WARN_SUSPICIOUS_MOVE = YES;
				CLANG_WARN_UNGUARDED_AVAILABILITY = YES_AGGRESSIVE;
				CLANG_WARN_UNREACHABLE_CODE = YES;
				CLANG_WARN__DUPLICATE_METHOD_MATCH = YES;
				COPY_PHASE_STRIP = NO;
				DEBUG_INFORMATION_FORMAT = "dwarf-with-dsym";
				ENABLE_NS_ASSERTIONS = NO;
				ENABLE_STRICT_OBJC_MSGSEND = YES;
				GCC_C_LANGUAGE_STANDARD = gnu11;
				GCC_NO_COMMON_BLOCKS = YES;
				GCC_WARN_64_TO_32_BIT_CONVERSION = YES;
				GCC_WARN_ABOUT_RETURN_TYPE = YES_ERROR;
				GCC_WARN_UNDECLARED_SELECTOR = YES;
				GCC_WARN_UNINITIALIZED_AUTOS = YES_AGGRESSIVE;
				GCC_WARN_UNUSED_FUNCTION = YES;
				GCC_WARN_UNUSED_VARIABLE = YES;
				IPHONEOS_DEPLOYMENT_TARGET = 16.1;
				MTL_ENABLE_DEBUG_INFO = NO;
				MTL_FAST_MATH = YES;
				SDKROOT = iphoneos;
				SWIFT_COMPILATION_MODE = wholemodule;
				SWIFT_OPTIMIZATION_LEVEL = "-O";
				VALIDATE_PRODUCT = YES;
			};
			name = Release;
		};
		B2A1278B29A8202400391C10 /* Debug */ = {
			isa = XCBuildConfiguration;
			buildSettings = {
				ASSETCATALOG_COMPILER_APPICON_NAME = AppIcon;
				ASSETCATALOG_COMPILER_GLOBAL_ACCENT_COLOR_NAME = AccentColor;
				CODE_SIGN_STYLE = Automatic;
				CURRENT_PROJECT_VERSION = 1;
				DEVELOPMENT_ASSET_PATHS = "\"CityDog/Preview Content\"";
				DEVELOPMENT_TEAM = U56C9Q3FLL;
				ENABLE_PREVIEWS = YES;
				GENERATE_INFOPLIST_FILE = YES;
				INFOPLIST_KEY_NSCameraUsageDescription = "Program needs acces to your camera";
				INFOPLIST_KEY_UIApplicationSceneManifest_Generation = YES;
				INFOPLIST_KEY_UIApplicationSupportsIndirectInputEvents = YES;
				INFOPLIST_KEY_UILaunchScreen_Generation = YES;
				INFOPLIST_KEY_UISupportedInterfaceOrientations_iPad = "UIInterfaceOrientationPortrait UIInterfaceOrientationPortraitUpsideDown UIInterfaceOrientationLandscapeLeft UIInterfaceOrientationLandscapeRight";
				INFOPLIST_KEY_UISupportedInterfaceOrientations_iPhone = "UIInterfaceOrientationPortrait UIInterfaceOrientationLandscapeLeft UIInterfaceOrientationLandscapeRight";
				LD_RUNPATH_SEARCH_PATHS = (
					"$(inherited)",
					"@executable_path/Frameworks",
				);
				MARKETING_VERSION = 1.0;
				PRODUCT_BUNDLE_IDENTIFIER = a.CityDog;
				PRODUCT_NAME = "$(TARGET_NAME)";
				SWIFT_EMIT_LOC_STRINGS = YES;
				SWIFT_VERSION = 5.0;
				TARGETED_DEVICE_FAMILY = "1,2";
			};
			name = Debug;
		};
		B2A1278C29A8202400391C10 /* Release */ = {
			isa = XCBuildConfiguration;
			buildSettings = {
				ASSETCATALOG_COMPILER_APPICON_NAME = AppIcon;
				ASSETCATALOG_COMPILER_GLOBAL_ACCENT_COLOR_NAME = AccentColor;
				CODE_SIGN_STYLE = Automatic;
				CURRENT_PROJECT_VERSION = 1;
				DEVELOPMENT_ASSET_PATHS = "\"CityDog/Preview Content\"";
				DEVELOPMENT_TEAM = U56C9Q3FLL;
				ENABLE_PREVIEWS = YES;
				GENERATE_INFOPLIST_FILE = YES;
				INFOPLIST_KEY_NSCameraUsageDescription = "Program needs acces to your camera";
				INFOPLIST_KEY_UIApplicationSceneManifest_Generation = YES;
				INFOPLIST_KEY_UIApplicationSupportsIndirectInputEvents = YES;
				INFOPLIST_KEY_UILaunchScreen_Generation = YES;
				INFOPLIST_KEY_UISupportedInterfaceOrientations_iPad = "UIInterfaceOrientationPortrait UIInterfaceOrientationPortraitUpsideDown UIInterfaceOrientationLandscapeLeft UIInterfaceOrientationLandscapeRight";
				INFOPLIST_KEY_UISupportedInterfaceOrientations_iPhone = "UIInterfaceOrientationPortrait UIInterfaceOrientationLandscapeLeft UIInterfaceOrientationLandscapeRight";
				LD_RUNPATH_SEARCH_PATHS = (
					"$(inherited)",
					"@executable_path/Frameworks",
				);
				MARKETING_VERSION = 1.0;
				PRODUCT_BUNDLE_IDENTIFIER = a.CityDog;
				PRODUCT_NAME = "$(TARGET_NAME)";
				SWIFT_EMIT_LOC_STRINGS = YES;
				SWIFT_VERSION = 5.0;
				TARGETED_DEVICE_FAMILY = "1,2";
			};
			name = Release;
		};
		B2A1278E29A8202400391C10 /* Debug */ = {
			isa = XCBuildConfiguration;
			buildSettings = {
				ALWAYS_EMBED_SWIFT_STANDARD_LIBRARIES = YES;
				BUNDLE_LOADER = "$(TEST_HOST)";
				CODE_SIGN_STYLE = Automatic;
				CURRENT_PROJECT_VERSION = 1;
				DEVELOPMENT_TEAM = U56C9Q3FLL;
				GENERATE_INFOPLIST_FILE = YES;
				IPHONEOS_DEPLOYMENT_TARGET = 16.1;
				MARKETING_VERSION = 1.0;
				PRODUCT_BUNDLE_IDENTIFIER = a.CityDogTests;
				PRODUCT_NAME = "$(TARGET_NAME)";
				SWIFT_EMIT_LOC_STRINGS = NO;
				SWIFT_VERSION = 5.0;
				TARGETED_DEVICE_FAMILY = "1,2";
				TEST_HOST = "$(BUILT_PRODUCTS_DIR)/CityDog.app/$(BUNDLE_EXECUTABLE_FOLDER_PATH)/CityDog";
			};
			name = Debug;
		};
		B2A1278F29A8202400391C10 /* Release */ = {
			isa = XCBuildConfiguration;
			buildSettings = {
				ALWAYS_EMBED_SWIFT_STANDARD_LIBRARIES = YES;
				BUNDLE_LOADER = "$(TEST_HOST)";
				CODE_SIGN_STYLE = Automatic;
				CURRENT_PROJECT_VERSION = 1;
				DEVELOPMENT_TEAM = U56C9Q3FLL;
				GENERATE_INFOPLIST_FILE = YES;
				IPHONEOS_DEPLOYMENT_TARGET = 16.1;
				MARKETING_VERSION = 1.0;
				PRODUCT_BUNDLE_IDENTIFIER = a.CityDogTests;
				PRODUCT_NAME = "$(TARGET_NAME)";
				SWIFT_EMIT_LOC_STRINGS = NO;
				SWIFT_VERSION = 5.0;
				TARGETED_DEVICE_FAMILY = "1,2";
				TEST_HOST = "$(BUILT_PRODUCTS_DIR)/CityDog.app/$(BUNDLE_EXECUTABLE_FOLDER_PATH)/CityDog";
			};
			name = Release;
		};
		B2A1279129A8202400391C10 /* Debug */ = {
			isa = XCBuildConfiguration;
			buildSettings = {
				ALWAYS_EMBED_SWIFT_STANDARD_LIBRARIES = YES;
				CODE_SIGN_STYLE = Automatic;
				CURRENT_PROJECT_VERSION = 1;
				DEVELOPMENT_TEAM = U56C9Q3FLL;
				GENERATE_INFOPLIST_FILE = YES;
				MARKETING_VERSION = 1.0;
				PRODUCT_BUNDLE_IDENTIFIER = a.CityDogUITests;
				PRODUCT_NAME = "$(TARGET_NAME)";
				SWIFT_EMIT_LOC_STRINGS = NO;
				SWIFT_VERSION = 5.0;
				TARGETED_DEVICE_FAMILY = "1,2";
				TEST_TARGET_NAME = CityDog;
			};
			name = Debug;
		};
		B2A1279229A8202400391C10 /* Release */ = {
			isa = XCBuildConfiguration;
			buildSettings = {
				ALWAYS_EMBED_SWIFT_STANDARD_LIBRARIES = YES;
				CODE_SIGN_STYLE = Automatic;
				CURRENT_PROJECT_VERSION = 1;
				DEVELOPMENT_TEAM = U56C9Q3FLL;
				GENERATE_INFOPLIST_FILE = YES;
				MARKETING_VERSION = 1.0;
				PRODUCT_BUNDLE_IDENTIFIER = a.CityDogUITests;
				PRODUCT_NAME = "$(TARGET_NAME)";
				SWIFT_EMIT_LOC_STRINGS = NO;
				SWIFT_VERSION = 5.0;
				TARGETED_DEVICE_FAMILY = "1,2";
				TEST_TARGET_NAME = CityDog;
			};
			name = Release;
		};
/* End XCBuildConfiguration section */

/* Begin XCConfigurationList section */
		B2A1276129A8202000391C10 /* Build configuration list for PBXProject "CityDog" */ = {
			isa = XCConfigurationList;
			buildConfigurations = (
				B2A1278829A8202400391C10 /* Debug */,
				B2A1278929A8202400391C10 /* Release */,
			);
			defaultConfigurationIsVisible = 0;
			defaultConfigurationName = Release;
		};
		B2A1278A29A8202400391C10 /* Build configuration list for PBXNativeTarget "CityDog" */ = {
			isa = XCConfigurationList;
			buildConfigurations = (
				B2A1278B29A8202400391C10 /* Debug */,
				B2A1278C29A8202400391C10 /* Release */,
			);
			defaultConfigurationIsVisible = 0;
			defaultConfigurationName = Release;
		};
		B2A1278D29A8202400391C10 /* Build configuration list for PBXNativeTarget "CityDogTests" */ = {
			isa = XCConfigurationList;
			buildConfigurations = (
				B2A1278E29A8202400391C10 /* Debug */,
				B2A1278F29A8202400391C10 /* Release */,
			);
			defaultConfigurationIsVisible = 0;
			defaultConfigurationName = Release;
		};
		B2A1279029A8202400391C10 /* Build configuration list for PBXNativeTarget "CityDogUITests" */ = {
			isa = XCConfigurationList;
			buildConfigurations = (
				B2A1279129A8202400391C10 /* Debug */,
				B2A1279229A8202400391C10 /* Release */,
			);
			defaultConfigurationIsVisible = 0;
			defaultConfigurationName = Release;
		};
/* End XCConfigurationList section */
	};
	rootObject = B2A1275E29A8202000391C10 /* Project object */;
}
